
Microsoft Visual Studio Solution File, Format Version 12.00
# Visual Studio 15
VisualStudioVersion = 15.0.28307.329
MinimumVisualStudioVersion = 10.0.40219.1
Project("{8BC9CEB8-8B4A-11D0-8D11-00A0C91BC942}") = "Unit1", "Unit1\Unit1.vcxproj", "{542F27AD-7849-4F05-813F-6FDDFA6B5623}"
EndProject
Project("{8BC9CEB8-8B4A-11D0-8D11-00A0C91BC942}") = "Unit2", "practice1\practice1.vcxproj", "{905221E7-4D7C-4577-B899-C7346CD9ADF2}"
EndProject
Project("{8BC9CEB8-8B4A-11D0-8D11-00A0C91BC942}") = "Unit3", "Unit3\Unit3.vcxproj", "{4670C45D-8FCF-474D-B6E0-F63FB005DAB5}"
EndProject
Project("{8BC9CEB8-8B4A-11D0-8D11-00A0C91BC942}") = "Unit4", "Unit4\Unit4.vcxproj", "{6E29373A-2408-4232-8100-2F6147933436}"
EndProject
Project("{8BC9CEB8-8B4A-11D0-8D11-00A0C91BC942}") = "Unit5", "Unit5\Unit5.vcxproj", "{0D4AF2C0-01EB-4990-A0B7-ADCE6993EECE}"
EndProject
Project("{8BC9CEB8-8B4A-11D0-8D11-00A0C91BC942}") = "Unit6", "Unit6\Unit6.vcxproj", "{8690CED1-8C93-4966-919B-6B194D907AD4}"
EndProject
Project("{8BC9CEB8-8B4A-11D0-8D11-00A0C91BC942}") = "Work1", "Work1\Work1.vcxproj", "{D7347818-083D-45B7-AB9A-873CF8E47033}"
EndProject
Project("{8BC9CEB8-8B4A-11D0-8D11-00A0C91BC942}") = "Work2", "Work2\Work2.vcxproj", "{B82C5C77-964F-4FD5-B904-D08D43EB6645}"
EndProject
Project("{8BC9CEB8-8B4A-11D0-8D11-00A0C91BC942}") = "Work3", "Work3\Work3.vcxproj", "{A4C5563F-F8A0-4174-A345-D3083A1AFCD1}"
EndProject
Global
	GlobalSection(SolutionConfigurationPlatforms) = preSolution
		Debug|x64 = Debug|x64
		Debug|x86 = Debug|x86
		Release|x64 = Release|x64
		Release|x86 = Release|x86
	EndGlobalSection
	GlobalSection(ProjectConfigurationPlatforms) = postSolution
		{542F27AD-7849-4F05-813F-6FDDFA6B5623}.Debug|x64.ActiveCfg = Debug|x64
		{542F27AD-7849-4F05-813F-6FDDFA6B5623}.Debug|x64.Build.0 = Debug|x64
		{542F27AD-7849-4F05-813F-6FDDFA6B5623}.Debug|x86.ActiveCfg = Debug|Win32
		{542F27AD-7849-4F05-813F-6FDDFA6B5623}.Debug|x86.Build.0 = Debug|Win32
		{542F27AD-7849-4F05-813F-6FDDFA6B5623}.Release|x64.ActiveCfg = Release|x64
		{542F27AD-7849-4F05-813F-6FDDFA6B5623}.Release|x64.Build.0 = Release|x64
		{542F27AD-7849-4F05-813F-6FDDFA6B5623}.Release|x86.ActiveCfg = Release|Win32
		{542F27AD-7849-4F05-813F-6FDDFA6B5623}.Release|x86.Build.0 = Release|Win32
		{905221E7-4D7C-4577-B899-C7346CD9ADF2}.Debug|x64.ActiveCfg = Debug|x64
		{905221E7-4D7C-4577-B899-C7346CD9ADF2}.Debug|x64.Build.0 = Debug|x64
		{905221E7-4D7C-4577-B899-C7346CD9ADF2}.Debug|x86.ActiveCfg = Debug|Win32
		{905221E7-4D7C-4577-B899-C7346CD9ADF2}.Debug|x86.Build.0 = Debug|Win32
		{905221E7-4D7C-4577-B899-C7346CD9ADF2}.Release|x64.ActiveCfg = Release|x64
		{905221E7-4D7C-4577-B899-C7346CD9ADF2}.Release|x64.Build.0 = Release|x64
		{905221E7-4D7C-4577-B899-C7346CD9ADF2}.Release|x86.ActiveCfg = Release|Win32
		{905221E7-4D7C-4577-B899-C7346CD9ADF2}.Release|x86.Build.0 = Release|Win32
		{4670C45D-8FCF-474D-B6E0-F63FB005DAB5}.Debug|x64.ActiveCfg = Debug|x64
		{4670C45D-8FCF-474D-B6E0-F63FB005DAB5}.Debug|x64.Build.0 = Debug|x64
		{4670C45D-8FCF-474D-B6E0-F63FB005DAB5}.Debug|x86.ActiveCfg = Debug|Win32
		{4670C45D-8FCF-474D-B6E0-F63FB005DAB5}.Debug|x86.Build.0 = Debug|Win32
		{4670C45D-8FCF-474D-B6E0-F63FB005DAB5}.Release|x64.ActiveCfg = Release|x64
		{4670C45D-8FCF-474D-B6E0-F63FB005DAB5}.Release|x64.Build.0 = Release|x64
		{4670C45D-8FCF-474D-B6E0-F63FB005DAB5}.Release|x86.ActiveCfg = Release|Win32
		{4670C45D-8FCF-474D-B6E0-F63FB005DAB5}.Release|x86.Build.0 = Release|Win32
		{6E29373A-2408-4232-8100-2F6147933436}.Debug|x64.ActiveCfg = Debug|x64
		{6E29373A-2408-4232-8100-2F6147933436}.Debug|x64.Build.0 = Debug|x64
		{6E29373A-2408-4232-8100-2F6147933436}.Debug|x86.ActiveCfg = Debug|Win32
		{6E29373A-2408-4232-8100-2F6147933436}.Debug|x86.Build.0 = Debug|Win32
		{6E29373A-2408-4232-8100-2F6147933436}.Release|x64.ActiveCfg = Release|x64
		{6E29373A-2408-4232-8100-2F6147933436}.Release|x64.Build.0 = Release|x64
		{6E29373A-2408-4232-8100-2F6147933436}.Release|x86.ActiveCfg = Release|Win32
		{6E29373A-2408-4232-8100-2F6147933436}.Release|x86.Build.0 = Release|Win32
		{0D4AF2C0-01EB-4990-A0B7-ADCE6993EECE}.Debug|x64.ActiveCfg = Debug|x64
		{0D4AF2C0-01EB-4990-A0B7-ADCE6993EECE}.Debug|x64.Build.0 = Debug|x64
		{0D4AF2C0-01EB-4990-A0B7-ADCE6993EECE}.Debug|x86.ActiveCfg = Debug|Win32
		{0D4AF2C0-01EB-4990-A0B7-ADCE6993EECE}.Debug|x86.Build.0 = Debug|Win32
		{0D4AF2C0-01EB-4990-A0B7-ADCE6993EECE}.Release|x64.ActiveCfg = Release|x64
		{0D4AF2C0-01EB-4990-A0B7-ADCE6993EECE}.Release|x64.Build.0 = Release|x64
		{0D4AF2C0-01EB-4990-A0B7-ADCE6993EECE}.Release|x86.ActiveCfg = Release|Win32
		{0D4AF2C0-01EB-4990-A0B7-ADCE6993EECE}.Release|x86.Build.0 = Release|Win32
		{8690CED1-8C93-4966-919B-6B194D907AD4}.Debug|x64.ActiveCfg = Debug|x64
		{8690CED1-8C93-4966-919B-6B194D907AD4}.Debug|x64.Build.0 = Debug|x64
		{8690CED1-8C93-4966-919B-6B194D907AD4}.Debug|x86.ActiveCfg = Debug|Win32
		{8690CED1-8C93-4966-919B-6B194D907AD4}.Debug|x86.Build.0 = Debug|Win32
		{8690CED1-8C93-4966-919B-6B194D907AD4}.Release|x64.ActiveCfg = Release|x64
		{8690CED1-8C93-4966-919B-6B194D907AD4}.Release|x64.Build.0 = Release|x64
		{8690CED1-8C93-4966-919B-6B194D907AD4}.Release|x86.ActiveCfg = Release|Win32
		{8690CED1-8C93-4966-919B-6B194D907AD4}.Release|x86.Build.0 = Release|Win32
		{D7347818-083D-45B7-AB9A-873CF8E47033}.Debug|x64.ActiveCfg = Debug|x64
		{D7347818-083D-45B7-AB9A-873CF8E47033}.Debug|x64.Build.0 = Debug|x64
		{D7347818-083D-45B7-AB9A-873CF8E47033}.Debug|x86.ActiveCfg = Debug|Win32
		{D7347818-083D-45B7-AB9A-873CF8E47033}.Debug|x86.Build.0 = Debug|Win32
		{D7347818-083D-45B7-AB9A-873CF8E47033}.Release|x64.ActiveCfg = Release|x64
		{D7347818-083D-45B7-AB9A-873CF8E47033}.Release|x64.Build.0 = Release|x64
		{D7347818-083D-45B7-AB9A-873CF8E47033}.Release|x86.ActiveCfg = Release|Win32
		{D7347818-083D-45B7-AB9A-873CF8E47033}.Release|x86.Build.0 = Release|Win32
		{B82C5C77-964F-4FD5-B904-D08D43EB6645}.Debug|x64.ActiveCfg = Debug|x64
		{B82C5C77-964F-4FD5-B904-D08D43EB6645}.Debug|x64.Build.0 = Debug|x64
		{B82C5C77-964F-4FD5-B904-D08D43EB6645}.Debug|x86.ActiveCfg = Debug|Win32
		{B82C5C77-964F-4FD5-B904-D08D43EB6645}.Debug|x86.Build.0 = Debug|Win32
		{B82C5C77-964F-4FD5-B904-D08D43EB6645}.Release|x64.ActiveCfg = Release|x64
		{B82C5C77-964F-4FD5-B904-D08D43EB6645}.Release|x64.Build.0 = Release|x64
		{B82C5C77-964F-4FD5-B904-D08D43EB6645}.Release|x86.ActiveCfg = Release|Win32
		{B82C5C77-964F-4FD5-B904-D08D43EB6645}.Release|x86.Build.0 = Release|Win32
		{A4C5563F-F8A0-4174-A345-D3083A1AFCD1}.Debug|x64.ActiveCfg = Debug|x64
		{A4C5563F-F8A0-4174-A345-D3083A1AFCD1}.Debug|x64.Build.0 = Debug|x64
		{A4C5563F-F8A0-4174-A345-D3083A1AFCD1}.Debug|x86.ActiveCfg = Debug|Win32
		{A4C5563F-F8A0-4174-A345-D3083A1AFCD1}.Debug|x86.Build.0 = Debug|Win32
		{A4C5563F-F8A0-4174-A345-D3083A1AFCD1}.Release|x64.ActiveCfg = Release|x64
		{A4C5563F-F8A0-4174-A345-D3083A1AFCD1}.Release|x64.Build.0 = Release|x64
		{A4C5563F-F8A0-4174-A345-D3083A1AFCD1}.Release|x86.ActiveCfg = Release|Win32
		{A4C5563F-F8A0-4174-A345-D3083A1AFCD1}.Release|x86.Build.0 = Release|Win32
	EndGlobalSection
	GlobalSection(SolutionProperties) = preSolution
		HideSolutionNode = FALSE
	EndGlobalSection
	GlobalSection(ExtensibilityGlobals) = postSolution
		SolutionGuid = {083B3636-7A78-4C52-B54A-0CC306DA7E51}
	EndGlobalSection
EndGlobal
