
Microsoft Visual Studio Solution File, Format Version 12.00
# Visual Studio 15
VisualStudioVersion = 15.0.28307.329
MinimumVisualStudioVersion = 10.0.40219.1
Project("{8BC9CEB8-8B4A-11D0-8D11-00A0C91BC942}") = "Homework1", "Homework1.vcxproj", "{42CF27C9-3F3E-4B24-9077-DD0747862723}"
EndProject
Global
	GlobalSection(SolutionConfigurationPlatforms) = preSolution
		Debug|x64 = Debug|x64
		Debug|x86 = Debug|x86
		Release|x64 = Release|x64
		Release|x86 = Release|x86
	EndGlobalSection
	GlobalSection(ProjectConfigurationPlatforms) = postSolution
		{42CF27C9-3F3E-4B24-9077-DD0747862723}.Debug|x64.ActiveCfg = Debug|x64
		{42CF27C9-3F3E-4B24-9077-DD0747862723}.Debug|x64.Build.0 = Debug|x64
		{42CF27C9-3F3E-4B24-9077-DD0747862723}.Debug|x86.ActiveCfg = Debug|Win32
		{42CF27C9-3F3E-4B24-9077-DD0747862723}.Debug|x86.Build.0 = Debug|Win32
		{42CF27C9-3F3E-4B24-9077-DD0747862723}.Release|x64.ActiveCfg = Release|x64
		{42CF27C9-3F3E-4B24-9077-DD0747862723}.Release|x64.Build.0 = Release|x64
		{42CF27C9-3F3E-4B24-9077-DD0747862723}.Release|x86.ActiveCfg = Release|Win32
		{42CF27C9-3F3E-4B24-9077-DD0747862723}.Release|x86.Build.0 = Release|Win32
	EndGlobalSection
	GlobalSection(SolutionProperties) = preSolution
		HideSolutionNode = FALSE
	EndGlobalSection
	GlobalSection(ExtensibilityGlobals) = postSolution
		SolutionGuid = {9ABC4B16-8180-4F2B-ABB9-8BF76DBBF6DC}
	EndGlobalSection
EndGlobal
